{
  "name": "sindcon-dashboard",
  "version": "1.0.0",
  "lockfileVersion": 3,
  "requires": true,
  "packages": {
    "": {
      "name": "sindcon-dashboard",
      "version": "1.0.0",
      "dependencies": {
        "bcryptjs": "^3.0.3",
        "nodemailer": "^8.0.8"
      },
      "engines": {
        "node": ">=14"
      }
    },
    "node_modules/bcryptjs": {
      "version": "3.0.3",
      "resolved": "https://registry.npmjs.org/bcryptjs/-/bcryptjs-3.0.3.tgz",
      "integrity": "sha512-GlF5wPWnSa/X5LKM1o0wz0suXIINz1iHRLvTS+sLyi7XPbe5ycmYI3DlZqVGZZtDgl4DmasFg7gOB3JYbphV5g==",
      "license": "BSD-3-Clause",
      "bin": {
        "bcrypt": "bin/bcrypt"
      }
    },
    "node_modules/nodemailer": {
      "version": "8.0.8",
      "resolved": "https://registry.npmjs.org/nodemailer/-/nodemailer-8.0.8.tgz",
      "integrity": "sha512-p+XsnzXGdtIHXUu2ugxdfG+eX2nehsGhMjW9h0CWj1BhE30hrFz0kh0yIM0/VjUgVsRrDj+80ZO+I1nSkGE4tA==",
      "license": "MIT-0",
      "engines": {
        "node": ">=6.0.0"
      }
    }
  }
}
